
Microsoft Visual Studio Solution File, Format Version 12.00
# Visual Studio 15
VisualStudioVersion = 15.0.28307.421
MinimumVisualStudioVersion = 10.0.40219.1
Project("{FAE04EC0-301F-11D3-BF4B-00C04F79EFBC}") = "ContactsWebApp", "ContactsWebApp\ContactsWebApp.csproj", "{B1F6B847-719C-4569-ACCA-8D3BB47B6C2F}"
EndProject
Global
	GlobalSection(SolutionConfigurationPlatforms) = preSolution
		Debug|Any CPU = Debug|Any CPU
		Release|Any CPU = Release|Any CPU
	EndGlobalSection
	GlobalSection(ProjectConfigurationPlatforms) = postSolution
		{B1F6B847-719C-4569-ACCA-8D3BB47B6C2F}.Debug|Any CPU.ActiveCfg = Debug|Any CPU
		{B1F6B847-719C-4569-ACCA-8D3BB47B6C2F}.Debug|Any CPU.Build.0 = Debug|Any CPU
		{B1F6B847-719C-4569-ACCA-8D3BB47B6C2F}.Release|Any CPU.ActiveCfg = Release|Any CPU
		{B1F6B847-719C-4569-ACCA-8D3BB47B6C2F}.Release|Any CPU.Build.0 = Release|Any CPU
	EndGlobalSection
	GlobalSection(SolutionProperties) = preSolution
		HideSolutionNode = FALSE
	EndGlobalSection
	GlobalSection(ExtensibilityGlobals) = postSolution
		SolutionGuid = {B4C68026-C854-4D72-AE50-D6275D39EA30}
	EndGlobalSection
EndGlobal
